// !$*UTF8*$!
{
	archiveVersion = 1;
	classes = {
	};
	objectVersion = 46;
	objects = {

/* Begin PBXBuildFile section */
		B00510A61BE97B7B001B3F26 /* HTTPRouter.framework in Frameworks */ = {isa = PBXBuildFile; fileRef = B005109B1BE97B7B001B3F26 /* HTTPRouter.framework */; };
		B00510F41BE9952D001B3F26 /* HTTPRouter.framework in Frameworks */ = {isa = PBXBuildFile; fileRef = B00510EA1BE9952D001B3F26 /* HTTPRouter.framework */; };
		B0B0A5121C09EFB7005E92B0 /* HTTPResourceType.swift in Sources */ = {isa = PBXBuildFile; fileRef = B0B0A50B1C09EFAE005E92B0 /* HTTPResourceType.swift */; };
		B0B0A5131C09EFB7005E92B0 /* HTTPRouter.swift in Sources */ = {isa = PBXBuildFile; fileRef = B0B0A50D1C09EFAE005E92B0 /* HTTPRouter.swift */; };
		B0B0A5141C09EFB8005E92B0 /* HTTPResourceType.swift in Sources */ = {isa = PBXBuildFile; fileRef = B0B0A50B1C09EFAE005E92B0 /* HTTPResourceType.swift */; };
		B0B0A5151C09EFB8005E92B0 /* HTTPRouter.swift in Sources */ = {isa = PBXBuildFile; fileRef = B0B0A50D1C09EFAE005E92B0 /* HTTPRouter.swift */; };
		B0B0A53D1C09F084005E92B0 /* HTTPRouterTests.swift in Sources */ = {isa = PBXBuildFile; fileRef = B0B0A5111C09EFAE005E92B0 /* HTTPRouterTests.swift */; };
		B0B0A53E1C09F085005E92B0 /* HTTPRouterTests.swift in Sources */ = {isa = PBXBuildFile; fileRef = B0B0A5111C09EFAE005E92B0 /* HTTPRouterTests.swift */; };
/* End PBXBuildFile section */

/* Begin PBXContainerItemProxy section */
		B00510A71BE97B7B001B3F26 /* PBXContainerItemProxy */ = {
			isa = PBXContainerItemProxy;
			containerPortal = B00510921BE97B7B001B3F26 /* Project object */;
			proxyType = 1;
			remoteGlobalIDString = B005109A1BE97B7B001B3F26;
			remoteInfo = Currents;
		};
		B00510F51BE9952D001B3F26 /* PBXContainerItemProxy */ = {
			isa = PBXContainerItemProxy;
			containerPortal = B00510921BE97B7B001B3F26 /* Project object */;
			proxyType = 1;
			remoteGlobalIDString = B00510E91BE9952D001B3F26;
			remoteInfo = "Currents iOS";
		};
		B0B0A51D1C09EFE1005E92B0 /* PBXContainerItemProxy */ = {
			isa = PBXContainerItemProxy;
			containerPortal = B0B0A5161C09EFE1005E92B0 /* POSIXRegex.xcodeproj */;
			proxyType = 2;
			remoteGlobalIDString = B005109B1BE97B7B001B3F26;
			remoteInfo = "POSIXRegex OSX";
		};
		B0B0A51F1C09EFE1005E92B0 /* PBXContainerItemProxy */ = {
			isa = PBXContainerItemProxy;
			containerPortal = B0B0A5161C09EFE1005E92B0 /* POSIXRegex.xcodeproj */;
			proxyType = 2;
			remoteGlobalIDString = B00510EA1BE9952D001B3F26;
			remoteInfo = "POSIXRegex iOS";
		};
		B0B0A5211C09EFE1005E92B0 /* PBXContainerItemProxy */ = {
			isa = PBXContainerItemProxy;
			containerPortal = B0B0A5161C09EFE1005E92B0 /* POSIXRegex.xcodeproj */;
			proxyType = 2;
			remoteGlobalIDString = B00510A51BE97B7B001B3F26;
			remoteInfo = "POSIXRegex OSX Tests";
		};
		B0B0A5231C09EFE1005E92B0 /* PBXContainerItemProxy */ = {
			isa = PBXContainerItemProxy;
			containerPortal = B0B0A5161C09EFE1005E92B0 /* POSIXRegex.xcodeproj */;
			proxyType = 2;
			remoteGlobalIDString = B00510F31BE9952D001B3F26;
			remoteInfo = "POSIXRegex iOS Tests";
		};
		B0B0A52D1C09EFE6005E92B0 /* PBXContainerItemProxy */ = {
			isa = PBXContainerItemProxy;
			containerPortal = B0B0A5251C09EFE6005E92B0 /* HTTP.xcodeproj */;
			proxyType = 2;
			remoteGlobalIDString = B0D521701BE4F753002063D5;
			remoteInfo = "HTTP OSX";
		};
		B0B0A52F1C09EFE6005E92B0 /* PBXContainerItemProxy */ = {
			isa = PBXContainerItemProxy;
			containerPortal = B0B0A5251C09EFE6005E92B0 /* HTTP.xcodeproj */;
			proxyType = 2;
			remoteGlobalIDString = 3A1C55891BECE19A006EC3F7;
			remoteInfo = "HTTP iOS";
		};
		B0B0A5311C09EFE6005E92B0 /* PBXContainerItemProxy */ = {
			isa = PBXContainerItemProxy;
			containerPortal = B0B0A5251C09EFE6005E92B0 /* HTTP.xcodeproj */;
			proxyType = 2;
			remoteGlobalIDString = B019A6F51C09273400EADB02;
			remoteInfo = "HTTP OSX Tests";
		};
		B0B0A5331C09EFE6005E92B0 /* PBXContainerItemProxy */ = {
			isa = PBXContainerItemProxy;
			containerPortal = B0B0A5251C09EFE6005E92B0 /* HTTP.xcodeproj */;
			proxyType = 2;
			remoteGlobalIDString = B019A7041C09274C00EADB02;
			remoteInfo = "HTTP iOS Tests";
		};
		B0B0A5351C09F017005E92B0 /* PBXContainerItemProxy */ = {
			isa = PBXContainerItemProxy;
			containerPortal = B0B0A5251C09EFE6005E92B0 /* HTTP.xcodeproj */;
			proxyType = 1;
			remoteGlobalIDString = 3A1C55881BECE19A006EC3F7;
			remoteInfo = "HTTP iOS";
		};
		B0B0A5371C09F017005E92B0 /* PBXContainerItemProxy */ = {
			isa = PBXContainerItemProxy;
			containerPortal = B0B0A5161C09EFE1005E92B0 /* POSIXRegex.xcodeproj */;
			proxyType = 1;
			remoteGlobalIDString = B00510E91BE9952D001B3F26;
			remoteInfo = "POSIXRegex iOS";
		};
		B0B0A5391C09F01F005E92B0 /* PBXContainerItemProxy */ = {
			isa = PBXContainerItemProxy;
			containerPortal = B0B0A5251C09EFE6005E92B0 /* HTTP.xcodeproj */;
			proxyType = 1;
			remoteGlobalIDString = B0D5216F1BE4F753002063D5;
			remoteInfo = "HTTP OSX";
		};
		B0B0A53B1C09F01F005E92B0 /* PBXContainerItemProxy */ = {
			isa = PBXContainerItemProxy;
			containerPortal = B0B0A5161C09EFE1005E92B0 /* POSIXRegex.xcodeproj */;
			proxyType = 1;
			remoteGlobalIDString = B005109A1BE97B7B001B3F26;
			remoteInfo = "POSIXRegex OSX";
		};
/* End PBXContainerItemProxy section */

/* Begin PBXFileReference section */
		B005109B1BE97B7B001B3F26 /* HTTPRouter.framework */ = {isa = PBXFileReference; explicitFileType = wrapper.framework; includeInIndex = 0; path = HTTPRouter.framework; sourceTree = BUILT_PRODUCTS_DIR; };
		B00510A51BE97B7B001B3F26 /* HTTPRouterTests.xctest */ = {isa = PBXFileReference; explicitFileType = wrapper.cfbundle; includeInIndex = 0; path = HTTPRouterTests.xctest; sourceTree = BUILT_PRODUCTS_DIR; };
		B00510EA1BE9952D001B3F26 /* HTTPRouter.framework */ = {isa = PBXFileReference; explicitFileType = wrapper.framework; includeInIndex = 0; path = HTTPRouter.framework; sourceTree = BUILT_PRODUCTS_DIR; };
		B00510F31BE9952D001B3F26 /* HTTPRouterTests.xctest */ = {isa = PBXFileReference; explicitFileType = wrapper.cfbundle; includeInIndex = 0; path = HTTPRouterTests.xctest; sourceTree = BUILT_PRODUCTS_DIR; };
		B0B0A50B1C09EFAE005E92B0 /* HTTPResourceType.swift */ = {isa = PBXFileReference; lastKnownFileType = sourcecode.swift; path = HTTPResourceType.swift; sourceTree = "<group>"; };
		B0B0A50C1C09EFAE005E92B0 /* HTTPRouter.h */ = {isa = PBXFileReference; lastKnownFileType = sourcecode.c.h; path = HTTPRouter.h; sourceTree = "<group>"; };
		B0B0A50D1C09EFAE005E92B0 /* HTTPRouter.swift */ = {isa = PBXFileReference; lastKnownFileType = sourcecode.swift; path = HTTPRouter.swift; sourceTree = "<group>"; };
		B0B0A50E1C09EFAE005E92B0 /* Info.plist */ = {isa = PBXFileReference; lastKnownFileType = text.plist.xml; path = Info.plist; sourceTree = "<group>"; };
		B0B0A5101C09EFAE005E92B0 /* Info.plist */ = {isa = PBXFileReference; lastKnownFileType = text.plist.xml; path = Info.plist; sourceTree = "<group>"; };
		B0B0A5111C09EFAE005E92B0 /* HTTPRouterTests.swift */ = {isa = PBXFileReference; lastKnownFileType = sourcecode.swift; path = HTTPRouterTests.swift; sourceTree = "<group>"; };
		B0B0A5161C09EFE1005E92B0 /* POSIXRegex.xcodeproj */ = {isa = PBXFileReference; lastKnownFileType = "wrapper.pb-project"; name = POSIXRegex.xcodeproj; path = POSIXRegex/POSIXRegex.xcodeproj; sourceTree = "<group>"; };
		B0B0A5251C09EFE6005E92B0 /* HTTP.xcodeproj */ = {isa = PBXFileReference; lastKnownFileType = "wrapper.pb-project"; name = HTTP.xcodeproj; path = HTTP/HTTP.xcodeproj; sourceTree = "<group>"; };
/* End PBXFileReference section */

/* Begin PBXFrameworksBuildPhase section */
		B00510971BE97B7B001B3F26 /* Frameworks */ = {
			isa = PBXFrameworksBuildPhase;
			buildActionMask = 2147483647;
			files = (
			);
			runOnlyForDeploymentPostprocessing = 0;
		};
		B00510A21BE97B7B001B3F26 /* Frameworks */ = {
			isa = PBXFrameworksBuildPhase;
			buildActionMask = 2147483647;
			files = (
				B00510A61BE97B7B001B3F26 /* HTTPRouter.framework in Frameworks */,
			);
			runOnlyForDeploymentPostprocessing = 0;
		};
		B00510E61BE9952D001B3F26 /* Frameworks */ = {
			isa = PBXFrameworksBuildPhase;
			buildActionMask = 2147483647;
			files = (
			);
			runOnlyForDeploymentPostprocessing = 0;
		};
		B00510F01BE9952D001B3F26 /* Frameworks */ = {
			isa = PBXFrameworksBuildPhase;
			buildActionMask = 2147483647;
			files = (
				B00510F41BE9952D001B3F26 /* HTTPRouter.framework in Frameworks */,
			);
			runOnlyForDeploymentPostprocessing = 0;
		};
/* End PBXFrameworksBuildPhase section */

/* Begin PBXGroup section */
		B00510911BE97B7B001B3F26 = {
			isa = PBXGroup;
			children = (
				B0B0A5251C09EFE6005E92B0 /* HTTP.xcodeproj */,
				B0B0A5161C09EFE1005E92B0 /* POSIXRegex.xcodeproj */,
				B0B0A50A1C09EFAE005E92B0 /* HTTPRouter */,
				B0B0A50F1C09EFAE005E92B0 /* HTTPRouter Tests */,
				B005109C1BE97B7B001B3F26 /* Products */,
			);
			sourceTree = "<group>";
		};
		B005109C1BE97B7B001B3F26 /* Products */ = {
			isa = PBXGroup;
			children = (
				B005109B1BE97B7B001B3F26 /* HTTPRouter.framework */,
				B00510A51BE97B7B001B3F26 /* HTTPRouterTests.xctest */,
				B00510EA1BE9952D001B3F26 /* HTTPRouter.framework */,
				B00510F31BE9952D001B3F26 /* HTTPRouterTests.xctest */,
			);
			name = Products;
			sourceTree = "<group>";
		};
		B0B0A50A1C09EFAE005E92B0 /* HTTPRouter */ = {
			isa = PBXGroup;
			children = (
				B0B0A50B1C09EFAE005E92B0 /* HTTPResourceType.swift */,
				B0B0A50C1C09EFAE005E92B0 /* HTTPRouter.h */,
				B0B0A50D1C09EFAE005E92B0 /* HTTPRouter.swift */,
				B0B0A50E1C09EFAE005E92B0 /* Info.plist */,
			);
			path = HTTPRouter;
			sourceTree = "<group>";
		};
		B0B0A50F1C09EFAE005E92B0 /* HTTPRouter Tests */ = {
			isa = PBXGroup;
			children = (
				B0B0A5101C09EFAE005E92B0 /* Info.plist */,
				B0B0A5111C09EFAE005E92B0 /* HTTPRouterTests.swift */,
			);
			path = "HTTPRouter Tests";
			sourceTree = "<group>";
		};
		B0B0A5171C09EFE1005E92B0 /* Products */ = {
			isa = PBXGroup;
			children = (
				B0B0A51E1C09EFE1005E92B0 /* POSIXRegex.framework */,
				B0B0A5201C09EFE1005E92B0 /* POSIXRegex.framework */,
				B0B0A5221C09EFE1005E92B0 /* POSIXRegex.xctest */,
				B0B0A5241C09EFE1005E92B0 /* POSIXRegex.xctest */,
			);
			name = Products;
			sourceTree = "<group>";
		};
		B0B0A5261C09EFE6005E92B0 /* Products */ = {
			isa = PBXGroup;
			children = (
				B0B0A52E1C09EFE6005E92B0 /* HTTP.framework */,
				B0B0A5301C09EFE6005E92B0 /* HTTP.framework */,
				B0B0A5321C09EFE6005E92B0 /* HTTPTests.xctest */,
				B0B0A5341C09EFE6005E92B0 /* HTTPTests.xctest */,
			);
			name = Products;
			sourceTree = "<group>";
		};
/* End PBXGroup section */

/* Begin PBXHeadersBuildPhase section */
		B00510981BE97B7B001B3F26 /* Headers */ = {
			isa = PBXHeadersBuildPhase;
			buildActionMask = 2147483647;
			files = (
			);
			runOnlyForDeploymentPostprocessing = 0;
		};
		B00510E71BE9952D001B3F26 /* Headers */ = {
			isa = PBXHeadersBuildPhase;
			buildActionMask = 2147483647;
			files = (
			);
			runOnlyForDeploymentPostprocessing = 0;
		};
/* End PBXHeadersBuildPhase section */

/* Begin PBXNativeTarget section */
		B005109A1BE97B7B001B3F26 /* HTTPRouter OSX */ = {
			isa = PBXNativeTarget;
			buildConfigurationList = B00510AF1BE97B7B001B3F26 /* Build configuration list for PBXNativeTarget "HTTPRouter OSX" */;
			buildPhases = (
				B00510961BE97B7B001B3F26 /* Sources */,
				B00510971BE97B7B001B3F26 /* Frameworks */,
				B00510981BE97B7B001B3F26 /* Headers */,
				B00510991BE97B7B001B3F26 /* Resources */,
			);
			buildRules = (
			);
			dependencies = (
				B0B0A53A1C09F01F005E92B0 /* PBXTargetDependency */,
				B0B0A53C1C09F01F005E92B0 /* PBXTargetDependency */,
			);
			name = "HTTPRouter OSX";
			productName = Currents;
			productReference = B005109B1BE97B7B001B3F26 /* HTTPRouter.framework */;
			productType = "com.apple.product-type.framework";
		};
		B00510A41BE97B7B001B3F26 /* HTTPRouter OSX Tests */ = {
			isa = PBXNativeTarget;
			buildConfigurationList = B00510B21BE97B7B001B3F26 /* Build configuration list for PBXNativeTarget "HTTPRouter OSX Tests" */;
			buildPhases = (
				B00510A11BE97B7B001B3F26 /* Sources */,
				B00510A21BE97B7B001B3F26 /* Frameworks */,
				B00510A31BE97B7B001B3F26 /* Resources */,
			);
			buildRules = (
			);
			dependencies = (
				B00510A81BE97B7B001B3F26 /* PBXTargetDependency */,
			);
			name = "HTTPRouter OSX Tests";
			productName = CurrentsTests;
			productReference = B00510A51BE97B7B001B3F26 /* HTTPRouterTests.xctest */;
			productType = "com.apple.product-type.bundle.unit-test";
		};
		B00510E91BE9952D001B3F26 /* HTTPRouter iOS */ = {
			isa = PBXNativeTarget;
			buildConfigurationList = B00510FB1BE9952D001B3F26 /* Build configuration list for PBXNativeTarget "HTTPRouter iOS" */;
			buildPhases = (
				B00510E51BE9952D001B3F26 /* Sources */,
				B00510E61BE9952D001B3F26 /* Frameworks */,
				B00510E71BE9952D001B3F26 /* Headers */,
				B00510E81BE9952D001B3F26 /* Resources */,
			);
			buildRules = (
			);
			dependencies = (
				B0B0A5361C09F017005E92B0 /* PBXTargetDependency */,
				B0B0A5381C09F017005E92B0 /* PBXTargetDependency */,
			);
			name = "HTTPRouter iOS";
			productName = "Currents iOS";
			productReference = B00510EA1BE9952D001B3F26 /* HTTPRouter.framework */;
			productType = "com.apple.product-type.framework";
		};
		B00510F21BE9952D001B3F26 /* HTTPRouter iOS Tests */ = {
			isa = PBXNativeTarget;
			buildConfigurationList = B00510FE1BE9952D001B3F26 /* Build configuration list for PBXNativeTarget "HTTPRouter iOS Tests" */;
			buildPhases = (
				B00510EF1BE9952D001B3F26 /* Sources */,
				B00510F01BE9952D001B3F26 /* Frameworks */,
				B00510F11BE9952D001B3F26 /* Resources */,
			);
			buildRules = (
			);
			dependencies = (
				B00510F61BE9952D001B3F26 /* PBXTargetDependency */,
			);
			name = "HTTPRouter iOS Tests";
			productName = "Currents iOSTests";
			productReference = B00510F31BE9952D001B3F26 /* HTTPRouterTests.xctest */;
			productType = "com.apple.product-type.bundle.unit-test";
		};
/* End PBXNativeTarget section */

/* Begin PBXProject section */
		B00510921BE97B7B001B3F26 /* Project object */ = {
			isa = PBXProject;
			attributes = {
				LastSwiftUpdateCheck = 0710;
				LastUpgradeCheck = 0710;
				ORGANIZATIONNAME = Zewo;
				TargetAttributes = {
					B005109A1BE97B7B001B3F26 = {
						CreatedOnToolsVersion = 7.1;
					};
					B00510A41BE97B7B001B3F26 = {
						CreatedOnToolsVersion = 7.1;
					};
					B00510E91BE9952D001B3F26 = {
						CreatedOnToolsVersion = 7.1;
					};
					B00510F21BE9952D001B3F26 = {
						CreatedOnToolsVersion = 7.1;
					};
				};
			};
			buildConfigurationList = B00510951BE97B7B001B3F26 /* Build configuration list for PBXProject "HTTPRouter" */;
			compatibilityVersion = "Xcode 3.2";
			developmentRegion = English;
			hasScannedForEncodings = 0;
			knownRegions = (
				en,
			);
			mainGroup = B00510911BE97B7B001B3F26;
			productRefGroup = B005109C1BE97B7B001B3F26 /* Products */;
			projectDirPath = "";
			projectReferences = (
				{
					ProductGroup = B0B0A5261C09EFE6005E92B0 /* Products */;
					ProjectRef = B0B0A5251C09EFE6005E92B0 /* HTTP.xcodeproj */;
				},
				{
					ProductGroup = B0B0A5171C09EFE1005E92B0 /* Products */;
					ProjectRef = B0B0A5161C09EFE1005E92B0 /* POSIXRegex.xcodeproj */;
				},
			);
			projectRoot = "";
			targets = (
				B005109A1BE97B7B001B3F26 /* HTTPRouter OSX */,
				B00510E91BE9952D001B3F26 /* HTTPRouter iOS */,
				B00510A41BE97B7B001B3F26 /* HTTPRouter OSX Tests */,
				B00510F21BE9952D001B3F26 /* HTTPRouter iOS Tests */,
			);
		};
/* End PBXProject section */

/* Begin PBXReferenceProxy section */
		B0B0A51E1C09EFE1005E92B0 /* POSIXRegex.framework */ = {
			isa = PBXReferenceProxy;
			fileType = wrapper.framework;
			path = POSIXRegex.framework;
			remoteRef = B0B0A51D1C09EFE1005E92B0 /* PBXContainerItemProxy */;
			sourceTree = BUILT_PRODUCTS_DIR;
		};
		B0B0A5201C09EFE1005E92B0 /* POSIXRegex.framework */ = {
			isa = PBXReferenceProxy;
			fileType = wrapper.framework;
			path = POSIXRegex.framework;
			remoteRef = B0B0A51F1C09EFE1005E92B0 /* PBXContainerItemProxy */;
			sourceTree = BUILT_PRODUCTS_DIR;
		};
		B0B0A5221C09EFE1005E92B0 /* POSIXRegex.xctest */ = {
			isa = PBXReferenceProxy;
			fileType = wrapper.cfbundle;
			name = POSIXRegex.xctest;
			path = POSIXRegexTests.xctest;
			remoteRef = B0B0A5211C09EFE1005E92B0 /* PBXContainerItemProxy */;
			sourceTree = BUILT_PRODUCTS_DIR;
		};
		B0B0A5241C09EFE1005E92B0 /* POSIXRegex.xctest */ = {
			isa = PBXReferenceProxy;
			fileType = wrapper.cfbundle;
			name = POSIXRegex.xctest;
			path = POSIXRegexTests.xctest;
			remoteRef = B0B0A5231C09EFE1005E92B0 /* PBXContainerItemProxy */;
			sourceTree = BUILT_PRODUCTS_DIR;
		};
		B0B0A52E1C09EFE6005E92B0 /* HTTP.framework */ = {
			isa = PBXReferenceProxy;
			fileType = wrapper.framework;
			path = HTTP.framework;
			remoteRef = B0B0A52D1C09EFE6005E92B0 /* PBXContainerItemProxy */;
			sourceTree = BUILT_PRODUCTS_DIR;
		};
		B0B0A5301C09EFE6005E92B0 /* HTTP.framework */ = {
			isa = PBXReferenceProxy;
			fileType = wrapper.framework;
			path = HTTP.framework;
			remoteRef = B0B0A52F1C09EFE6005E92B0 /* PBXContainerItemProxy */;
			sourceTree = BUILT_PRODUCTS_DIR;
		};
		B0B0A5321C09EFE6005E92B0 /* HTTPTests.xctest */ = {
			isa = PBXReferenceProxy;
			fileType = wrapper.cfbundle;
			path = HTTPTests.xctest;
			remoteRef = B0B0A5311C09EFE6005E92B0 /* PBXContainerItemProxy */;
			sourceTree = BUILT_PRODUCTS_DIR;
		};
		B0B0A5341C09EFE6005E92B0 /* HTTPTests.xctest */ = {
			isa = PBXReferenceProxy;
			fileType = wrapper.cfbundle;
			path = HTTPTests.xctest;
			remoteRef = B0B0A5331C09EFE6005E92B0 /* PBXContainerItemProxy */;
			sourceTree = BUILT_PRODUCTS_DIR;
		};
/* End PBXReferenceProxy section */

/* Begin PBXResourcesBuildPhase section */
		B00510991BE97B7B001B3F26 /* Resources */ = {
			isa = PBXResourcesBuildPhase;
			buildActionMask = 2147483647;
			files = (
			);
			runOnlyForDeploymentPostprocessing = 0;
		};
		B00510A31BE97B7B001B3F26 /* Resources */ = {
			isa = PBXResourcesBuildPhase;
			buildActionMask = 2147483647;
			files = (
			);
			runOnlyForDeploymentPostprocessing = 0;
		};
		B00510E81BE9952D001B3F26 /* Resources */ = {
			isa = PBXResourcesBuildPhase;
			buildActionMask = 2147483647;
			files = (
			);
			runOnlyForDeploymentPostprocessing = 0;
		};
		B00510F11BE9952D001B3F26 /* Resources */ = {
			isa = PBXResourcesBuildPhase;
			buildActionMask = 2147483647;
			files = (
			);
			runOnlyForDeploymentPostprocessing = 0;
		};
/* End PBXResourcesBuildPhase section */

/* Begin PBXSourcesBuildPhase section */
		B00510961BE97B7B001B3F26 /* Sources */ = {
			isa = PBXSourcesBuildPhase;
			buildActionMask = 2147483647;
			files = (
				B0B0A5131C09EFB7005E92B0 /* HTTPRouter.swift in Sources */,
				B0B0A5121C09EFB7005E92B0 /* HTTPResourceType.swift in Sources */,
			);
			runOnlyForDeploymentPostprocessing = 0;
		};
		B00510A11BE97B7B001B3F26 /* Sources */ = {
			isa = PBXSourcesBuildPhase;
			buildActionMask = 2147483647;
			files = (
				B0B0A53D1C09F084005E92B0 /* HTTPRouterTests.swift in Sources */,
			);
			runOnlyForDeploymentPostprocessing = 0;
		};
		B00510E51BE9952D001B3F26 /* Sources */ = {
			isa = PBXSourcesBuildPhase;
			buildActionMask = 2147483647;
			files = (
				B0B0A5151C09EFB8005E92B0 /* HTTPRouter.swift in Sources */,
				B0B0A5141C09EFB8005E92B0 /* HTTPResourceType.swift in Sources */,
			);
			runOnlyForDeploymentPostprocessing = 0;
		};
		B00510EF1BE9952D001B3F26 /* Sources */ = {
			isa = PBXSourcesBuildPhase;
			buildActionMask = 2147483647;
			files = (
				B0B0A53E1C09F085005E92B0 /* HTTPRouterTests.swift in Sources */,
			);
			runOnlyForDeploymentPostprocessing = 0;
		};
/* End PBXSourcesBuildPhase section */

/* Begin PBXTargetDependency section */
		B00510A81BE97B7B001B3F26 /* PBXTargetDependency */ = {
			isa = PBXTargetDependency;
			target = B005109A1BE97B7B001B3F26 /* HTTPRouter OSX */;
			targetProxy = B00510A71BE97B7B001B3F26 /* PBXContainerItemProxy */;
		};
		B00510F61BE9952D001B3F26 /* PBXTargetDependency */ = {
			isa = PBXTargetDependency;
			target = B00510E91BE9952D001B3F26 /* HTTPRouter iOS */;
			targetProxy = B00510F51BE9952D001B3F26 /* PBXContainerItemProxy */;
		};
		B0B0A5361C09F017005E92B0 /* PBXTargetDependency */ = {
			isa = PBXTargetDependency;
			name = "HTTP iOS";
			targetProxy = B0B0A5351C09F017005E92B0 /* PBXContainerItemProxy */;
		};
		B0B0A5381C09F017005E92B0 /* PBXTargetDependency */ = {
			isa = PBXTargetDependency;
			name = "POSIXRegex iOS";
			targetProxy = B0B0A5371C09F017005E92B0 /* PBXContainerItemProxy */;
		};
		B0B0A53A1C09F01F005E92B0 /* PBXTargetDependency */ = {
			isa = PBXTargetDependency;
			name = "HTTP OSX";
			targetProxy = B0B0A5391C09F01F005E92B0 /* PBXContainerItemProxy */;
		};
		B0B0A53C1C09F01F005E92B0 /* PBXTargetDependency */ = {
			isa = PBXTargetDependency;
			name = "POSIXRegex OSX";
			targetProxy = B0B0A53B1C09F01F005E92B0 /* PBXContainerItemProxy */;
		};
/* End PBXTargetDependency section */

/* Begin XCBuildConfiguration section */
		B00510AD1BE97B7B001B3F26 /* Debug */ = {
			isa = XCBuildConfiguration;
			buildSettings = {
				ALWAYS_SEARCH_USER_PATHS = NO;
				CLANG_CXX_LANGUAGE_STANDARD = "gnu++0x";
				CLANG_CXX_LIBRARY = "libc++";
				CLANG_ENABLE_MODULES = YES;
				CLANG_ENABLE_OBJC_ARC = YES;
				CLANG_WARN_BOOL_CONVERSION = YES;
				CLANG_WARN_CONSTANT_CONVERSION = YES;
				CLANG_WARN_DIRECT_OBJC_ISA_USAGE = YES_ERROR;
				CLANG_WARN_EMPTY_BODY = YES;
				CLANG_WARN_ENUM_CONVERSION = YES;
				CLANG_WARN_INT_CONVERSION = YES;
				CLANG_WARN_OBJC_ROOT_CLASS = YES_ERROR;
				CLANG_WARN_UNREACHABLE_CODE = YES;
				CLANG_WARN__DUPLICATE_METHOD_MATCH = YES;
				CODE_SIGN_IDENTITY = "-";
				COPY_PHASE_STRIP = NO;
				CURRENT_PROJECT_VERSION = 1;
				DEBUG_INFORMATION_FORMAT = dwarf;
				ENABLE_STRICT_OBJC_MSGSEND = YES;
				ENABLE_TESTABILITY = YES;
				GCC_C_LANGUAGE_STANDARD = gnu99;
				GCC_DYNAMIC_NO_PIC = NO;
				GCC_NO_COMMON_BLOCKS = YES;
				GCC_OPTIMIZATION_LEVEL = 0;
				GCC_PREPROCESSOR_DEFINITIONS = (
					"DEBUG=1",
					"$(inherited)",
				);
				GCC_WARN_64_TO_32_BIT_CONVERSION = YES;
				GCC_WARN_ABOUT_RETURN_TYPE = YES_ERROR;
				GCC_WARN_UNDECLARED_SELECTOR = YES;
				GCC_WARN_UNINITIALIZED_AUTOS = YES_AGGRESSIVE;
				GCC_WARN_UNUSED_FUNCTION = YES;
				GCC_WARN_UNUSED_VARIABLE = YES;
				MACOSX_DEPLOYMENT_TARGET = 10.10;
				MTL_ENABLE_DEBUG_INFO = YES;
				ONLY_ACTIVE_ARCH = YES;
				SDKROOT = macosx;
				SWIFT_OPTIMIZATION_LEVEL = "-Onone";
				VERSIONING_SYSTEM = "apple-generic";
				VERSION_INFO_PREFIX = "";
			};
			name = Debug;
		};
		B00510AE1BE97B7B001B3F26 /* Release */ = {
			isa = XCBuildConfiguration;
			buildSettings = {
				ALWAYS_SEARCH_USER_PATHS = NO;
				CLANG_CXX_LANGUAGE_STANDARD = "gnu++0x";
				CLANG_CXX_LIBRARY = "libc++";
				CLANG_ENABLE_MODULES = YES;
				CLANG_ENABLE_OBJC_ARC = YES;
				CLANG_WARN_BOOL_CONVERSION = YES;
				CLANG_WARN_CONSTANT_CONVERSION = YES;
				CLANG_WARN_DIRECT_OBJC_ISA_USAGE = YES_ERROR;
				CLANG_WARN_EMPTY_BODY = YES;
				CLANG_WARN_ENUM_CONVERSION = YES;
				CLANG_WARN_INT_CONVERSION = YES;
				CLANG_WARN_OBJC_ROOT_CLASS = YES_ERROR;
				CLANG_WARN_UNREACHABLE_CODE = YES;
				CLANG_WARN__DUPLICATE_METHOD_MATCH = YES;
				CODE_SIGN_IDENTITY = "-";
				COPY_PHASE_STRIP = NO;
				CURRENT_PROJECT_VERSION = 1;
				DEBUG_INFORMATION_FORMAT = "dwarf-with-dsym";
				ENABLE_NS_ASSERTIONS = NO;
				ENABLE_STRICT_OBJC_MSGSEND = YES;
				GCC_C_LANGUAGE_STANDARD = gnu99;
				GCC_NO_COMMON_BLOCKS = YES;
				GCC_WARN_64_TO_32_BIT_CONVERSION = YES;
				GCC_WARN_ABOUT_RETURN_TYPE = YES_ERROR;
				GCC_WARN_UNDECLARED_SELECTOR = YES;
				GCC_WARN_UNINITIALIZED_AUTOS = YES_AGGRESSIVE;
				GCC_WARN_UNUSED_FUNCTION = YES;
				GCC_WARN_UNUSED_VARIABLE = YES;
				MACOSX_DEPLOYMENT_TARGET = 10.10;
				MTL_ENABLE_DEBUG_INFO = NO;
				SDKROOT = macosx;
				VERSIONING_SYSTEM = "apple-generic";
				VERSION_INFO_PREFIX = "";
			};
			name = Release;
		};
		B00510B01BE97B7B001B3F26 /* Debug */ = {
			isa = XCBuildConfiguration;
			buildSettings = {
				CLANG_ENABLE_MODULES = YES;
				CODE_SIGN_IDENTITY = "";
				COMBINE_HIDPI_IMAGES = YES;
				DEFINES_MODULE = YES;
				DYLIB_COMPATIBILITY_VERSION = 1;
				DYLIB_CURRENT_VERSION = 1;
				DYLIB_INSTALL_NAME_BASE = "@rpath";
				FRAMEWORK_VERSION = A;
				INFOPLIST_FILE = HTTPRouter/Info.plist;
				INSTALL_PATH = "$(LOCAL_LIBRARY_DIR)/Frameworks";
				LD_RUNPATH_SEARCH_PATHS = "$(inherited) @executable_path/../Frameworks @loader_path/Frameworks";
				MACOSX_DEPLOYMENT_TARGET = 10.9;
				PRODUCT_BUNDLE_IDENTIFIER = com.zewo.HTTPRouter;
				PRODUCT_MODULE_NAME = HTTPRouter;
				PRODUCT_NAME = HTTPRouter;
				SKIP_INSTALL = YES;
				SWIFT_INCLUDE_PATHS = "$(SRCROOT)/Dependencies";
				SWIFT_OPTIMIZATION_LEVEL = "-Onone";
			};
			name = Debug;
		};
		B00510B11BE97B7B001B3F26 /* Release */ = {
			isa = XCBuildConfiguration;
			buildSettings = {
				CLANG_ENABLE_MODULES = YES;
				CODE_SIGN_IDENTITY = "";
				COMBINE_HIDPI_IMAGES = YES;
				DEFINES_MODULE = YES;
				DYLIB_COMPATIBILITY_VERSION = 1;
				DYLIB_CURRENT_VERSION = 1;
				DYLIB_INSTALL_NAME_BASE = "@rpath";
				FRAMEWORK_VERSION = A;
				INFOPLIST_FILE = HTTPRouter/Info.plist;
				INSTALL_PATH = "$(LOCAL_LIBRARY_DIR)/Frameworks";
				LD_RUNPATH_SEARCH_PATHS = "$(inherited) @executable_path/../Frameworks @loader_path/Frameworks";
				MACOSX_DEPLOYMENT_TARGET = 10.9;
				PRODUCT_BUNDLE_IDENTIFIER = com.zewo.HTTPRouter;
				PRODUCT_MODULE_NAME = HTTPRouter;
				PRODUCT_NAME = HTTPRouter;
				SKIP_INSTALL = YES;
				SWIFT_INCLUDE_PATHS = "$(SRCROOT)/Dependencies";
				SWIFT_OPTIMIZATION_LEVEL = "-Owholemodule";
			};
			name = Release;
		};
		B00510B31BE97B7B001B3F26 /* Debug */ = {
			isa = XCBuildConfiguration;
			buildSettings = {
				CLANG_ENABLE_MODULES = YES;
				COMBINE_HIDPI_IMAGES = YES;
				INFOPLIST_FILE = "HTTPRouter Tests/Info.plist";
				LD_RUNPATH_SEARCH_PATHS = "$(inherited) @executable_path/../Frameworks @loader_path/../Frameworks";
				PRODUCT_BUNDLE_IDENTIFIER = com.zewo.HTTPRouterTests;
				PRODUCT_NAME = HTTPRouterTests;
				SWIFT_OPTIMIZATION_LEVEL = "-Onone";
			};
			name = Debug;
		};
		B00510B41BE97B7B001B3F26 /* Release */ = {
			isa = XCBuildConfiguration;
			buildSettings = {
				CLANG_ENABLE_MODULES = YES;
				COMBINE_HIDPI_IMAGES = YES;
				INFOPLIST_FILE = "HTTPRouter Tests/Info.plist";
				LD_RUNPATH_SEARCH_PATHS = "$(inherited) @executable_path/../Frameworks @loader_path/../Frameworks";
				PRODUCT_BUNDLE_IDENTIFIER = com.zewo.HTTPRouterTests;
				PRODUCT_NAME = HTTPRouterTests;
			};
			name = Release;
		};
		B00510FC1BE9952D001B3F26 /* Debug */ = {
			isa = XCBuildConfiguration;
			buildSettings = {
				CLANG_ENABLE_MODULES = YES;
				CODE_SIGN_IDENTITY = "iPhone Developer";
				"CODE_SIGN_IDENTITY[sdk=iphoneos*]" = "iPhone Developer";
				DEFINES_MODULE = YES;
				DYLIB_COMPATIBILITY_VERSION = 1;
				DYLIB_CURRENT_VERSION = 1;
				DYLIB_INSTALL_NAME_BASE = "@rpath";
				INFOPLIST_FILE = HTTPRouter/Info.plist;
				INSTALL_PATH = "$(LOCAL_LIBRARY_DIR)/Frameworks";
				IPHONEOS_DEPLOYMENT_TARGET = 8.1;
				LD_RUNPATH_SEARCH_PATHS = "$(inherited) @executable_path/Frameworks @loader_path/Frameworks";
				PRODUCT_BUNDLE_IDENTIFIER = com.zewo.HTTPRouter;
				PRODUCT_MODULE_NAME = HTTPRouter;
				PRODUCT_NAME = HTTPRouter;
				SDKROOT = iphoneos;
				SKIP_INSTALL = YES;
				SWIFT_INCLUDE_PATHS = "$(SRCROOT)/Dependencies";
				SWIFT_OPTIMIZATION_LEVEL = "-Onone";
				TARGETED_DEVICE_FAMILY = "1,2";
			};
			name = Debug;
		};
		B00510FD1BE9952D001B3F26 /* Release */ = {
			isa = XCBuildConfiguration;
			buildSettings = {
				CLANG_ENABLE_MODULES = YES;
				CODE_SIGN_IDENTITY = "iPhone Developer";
				"CODE_SIGN_IDENTITY[sdk=iphoneos*]" = "iPhone Developer";
				DEFINES_MODULE = YES;
				DYLIB_COMPATIBILITY_VERSION = 1;
				DYLIB_CURRENT_VERSION = 1;
				DYLIB_INSTALL_NAME_BASE = "@rpath";
				INFOPLIST_FILE = HTTPRouter/Info.plist;
				INSTALL_PATH = "$(LOCAL_LIBRARY_DIR)/Frameworks";
				IPHONEOS_DEPLOYMENT_TARGET = 8.1;
				LD_RUNPATH_SEARCH_PATHS = "$(inherited) @executable_path/Frameworks @loader_path/Frameworks";
				PRODUCT_BUNDLE_IDENTIFIER = com.zewo.HTTPRouter;
				PRODUCT_MODULE_NAME = HTTPRouter;
				PRODUCT_NAME = HTTPRouter;
				SDKROOT = iphoneos;
				SKIP_INSTALL = YES;
				SWIFT_INCLUDE_PATHS = "$(SRCROOT)/Dependencies";
				SWIFT_OPTIMIZATION_LEVEL = "-Owholemodule";
				TARGETED_DEVICE_FAMILY = "1,2";
				VALIDATE_PRODUCT = YES;
			};
			name = Release;
		};
		B00510FF1BE9952D001B3F26 /* Debug */ = {
			isa = XCBuildConfiguration;
			buildSettings = {
				CLANG_ENABLE_MODULES = YES;
				"CODE_SIGN_IDENTITY[sdk=iphoneos*]" = "iPhone Developer";
				INFOPLIST_FILE = "HTTPRouter Tests/Info.plist";
				IPHONEOS_DEPLOYMENT_TARGET = 9.1;
				LD_RUNPATH_SEARCH_PATHS = "$(inherited) @executable_path/Frameworks @loader_path/Frameworks";
				PRODUCT_BUNDLE_IDENTIFIER = com.zewo.HTTPRouterTests;
				PRODUCT_NAME = HTTPRouterTests;
				SDKROOT = iphoneos;
				SWIFT_OPTIMIZATION_LEVEL = "-Onone";
			};
			name = Debug;
		};
		B00511001BE9952D001B3F26 /* Release */ = {
			isa = XCBuildConfiguration;
			buildSettings = {
				CLANG_ENABLE_MODULES = YES;
				"CODE_SIGN_IDENTITY[sdk=iphoneos*]" = "iPhone Developer";
				INFOPLIST_FILE = "HTTPRouter Tests/Info.plist";
				IPHONEOS_DEPLOYMENT_TARGET = 9.1;
				LD_RUNPATH_SEARCH_PATHS = "$(inherited) @executable_path/Frameworks @loader_path/Frameworks";
				PRODUCT_BUNDLE_IDENTIFIER = com.zewo.HTTPRouterTests;
				PRODUCT_NAME = HTTPRouterTests;
				SDKROOT = iphoneos;
				VALIDATE_PRODUCT = YES;
			};
			name = Release;
		};
/* End XCBuildConfiguration section */

/* Begin XCConfigurationList section */
		B00510951BE97B7B001B3F26 /* Build configuration list for PBXProject "HTTPRouter" */ = {
			isa = XCConfigurationList;
			buildConfigurations = (
				B00510AD1BE97B7B001B3F26 /* Debug */,
				B00510AE1BE97B7B001B3F26 /* Release */,
			);
			defaultConfigurationIsVisible = 0;
			defaultConfigurationName = Release;
		};
		B00510AF1BE97B7B001B3F26 /* Build configuration list for PBXNativeTarget "HTTPRouter OSX" */ = {
			isa = XCConfigurationList;
			buildConfigurations = (
				B00510B01BE97B7B001B3F26 /* Debug */,
				B00510B11BE97B7B001B3F26 /* Release */,
			);
			defaultConfigurationIsVisible = 0;
			defaultConfigurationName = Release;
		};
		B00510B21BE97B7B001B3F26 /* Build configuration list for PBXNativeTarget "HTTPRouter OSX Tests" */ = {
			isa = XCConfigurationList;
			buildConfigurations = (
				B00510B31BE97B7B001B3F26 /* Debug */,
				B00510B41BE97B7B001B3F26 /* Release */,
			);
			defaultConfigurationIsVisible = 0;
			defaultConfigurationName = Release;
		};
		B00510FB1BE9952D001B3F26 /* Build configuration list for PBXNativeTarget "HTTPRouter iOS" */ = {
			isa = XCConfigurationList;
			buildConfigurations = (
				B00510FC1BE9952D001B3F26 /* Debug */,
				B00510FD1BE9952D001B3F26 /* Release */,
			);
			defaultConfigurationIsVisible = 0;
			defaultConfigurationName = Release;
		};
		B00510FE1BE9952D001B3F26 /* Build configuration list for PBXNativeTarget "HTTPRouter iOS Tests" */ = {
			isa = XCConfigurationList;
			buildConfigurations = (
				B00510FF1BE9952D001B3F26 /* Debug */,
				B00511001BE9952D001B3F26 /* Release */,
			);
			defaultConfigurationIsVisible = 0;
			defaultConfigurationName = Release;
		};
/* End XCConfigurationList section */
	};
	rootObject = B00510921BE97B7B001B3F26 /* Project object */;
}
