// !$*UTF8*$!
{
	archiveVersion = 1;
	classes = {
	};
	objectVersion = 46;
	objects = {

/* Begin PBXBuildFile section */
		B00510A61BE97B7B001B3F26 /* Spell.framework in Frameworks */ = {isa = PBXBuildFile; fileRef = B005109B1BE97B7B001B3F26 /* Spell.framework */; };
		B00510F41BE9952D001B3F26 /* Spell.framework in Frameworks */ = {isa = PBXBuildFile; fileRef = B00510EA1BE9952D001B3F26 /* Spell.framework */; };
		B00B2A3D1BF3E96400372163 /* gamut_swift.h in Headers */ = {isa = PBXBuildFile; fileRef = B00B2A3C1BF3E96400372163 /* gamut_swift.h */; };
		B00B2A3E1BF3E96400372163 /* gamut_swift.h in Headers */ = {isa = PBXBuildFile; fileRef = B00B2A3C1BF3E96400372163 /* gamut_swift.h */; };
		B00B2A441BF3E98F00372163 /* Spectrum.h in Headers */ = {isa = PBXBuildFile; fileRef = B00B2A411BF3E98F00372163 /* Spectrum.h */; };
		B00B2A451BF3E98F00372163 /* Spectrum.h in Headers */ = {isa = PBXBuildFile; fileRef = B00B2A411BF3E98F00372163 /* Spectrum.h */; };
		B00B2A4B1BF3E9E000372163 /* Regex.swift in Sources */ = {isa = PBXBuildFile; fileRef = B00B2A4A1BF3E9E000372163 /* Regex.swift */; };
		B00B2A4C1BF3E9E000372163 /* Regex.swift in Sources */ = {isa = PBXBuildFile; fileRef = B00B2A4A1BF3E9E000372163 /* Regex.swift */; };
		B0A4B2011BF973F100FDA0E1 /* HTTPRouter.swift in Sources */ = {isa = PBXBuildFile; fileRef = B0A4B2001BF973F100FDA0E1 /* HTTPRouter.swift */; };
		B0A4B2021BF973F100FDA0E1 /* HTTPRouter.swift in Sources */ = {isa = PBXBuildFile; fileRef = B0A4B2001BF973F100FDA0E1 /* HTTPRouter.swift */; };
		B0A4B2041BF974C800FDA0E1 /* HTTPResponderType.swift in Sources */ = {isa = PBXBuildFile; fileRef = B0A4B2031BF974C800FDA0E1 /* HTTPResponderType.swift */; };
		B0A4B2051BF974C800FDA0E1 /* HTTPResponderType.swift in Sources */ = {isa = PBXBuildFile; fileRef = B0A4B2031BF974C800FDA0E1 /* HTTPResponderType.swift */; };
		B0A4B2071BF974D700FDA0E1 /* HTTPResponse.swift in Sources */ = {isa = PBXBuildFile; fileRef = B0A4B2061BF974D700FDA0E1 /* HTTPResponse.swift */; };
		B0A4B2081BF974D700FDA0E1 /* HTTPResponse.swift in Sources */ = {isa = PBXBuildFile; fileRef = B0A4B2061BF974D700FDA0E1 /* HTTPResponse.swift */; };
		B0A4B20C1BF974E100FDA0E1 /* HTTPMethod.swift in Sources */ = {isa = PBXBuildFile; fileRef = B0A4B2091BF974E100FDA0E1 /* HTTPMethod.swift */; };
		B0A4B20D1BF974E100FDA0E1 /* HTTPMethod.swift in Sources */ = {isa = PBXBuildFile; fileRef = B0A4B2091BF974E100FDA0E1 /* HTTPMethod.swift */; };
		B0A4B20E1BF974E100FDA0E1 /* HTTPRequest.swift in Sources */ = {isa = PBXBuildFile; fileRef = B0A4B20A1BF974E100FDA0E1 /* HTTPRequest.swift */; };
		B0A4B20F1BF974E100FDA0E1 /* HTTPRequest.swift in Sources */ = {isa = PBXBuildFile; fileRef = B0A4B20A1BF974E100FDA0E1 /* HTTPRequest.swift */; };
		B0A4B21D1BF975D900FDA0E1 /* URI.swift in Sources */ = {isa = PBXBuildFile; fileRef = B0A4B21C1BF975D900FDA0E1 /* URI.swift */; };
		B0A4B21E1BF975D900FDA0E1 /* URI.swift in Sources */ = {isa = PBXBuildFile; fileRef = B0A4B21C1BF975D900FDA0E1 /* URI.swift */; };
		B0BDF5321BF69E18003BA949 /* SpellTests.swift in Sources */ = {isa = PBXBuildFile; fileRef = B0BDF52F1BF69E18003BA949 /* SpellTests.swift */; };
		B0BDF5331BF69E18003BA949 /* SpellTests.swift in Sources */ = {isa = PBXBuildFile; fileRef = B0BDF52F1BF69E18003BA949 /* SpellTests.swift */; };
		B0BDF5361BF69E67003BA949 /* Spell.h in Headers */ = {isa = PBXBuildFile; fileRef = B0BDF5351BF69E67003BA949 /* Spell.h */; settings = {ATTRIBUTES = (Public, ); }; };
		B0BDF5371BF69E67003BA949 /* Spell.h in Headers */ = {isa = PBXBuildFile; fileRef = B0BDF5351BF69E67003BA949 /* Spell.h */; settings = {ATTRIBUTES = (Public, ); }; };
		B0BDF5B81BF6A0F0003BA949 /* belle_swift.h in Headers */ = {isa = PBXBuildFile; fileRef = B0BDF5AA1BF6A0F0003BA949 /* belle_swift.h */; };
		B0BDF5B91BF6A0F0003BA949 /* belle_swift.h in Headers */ = {isa = PBXBuildFile; fileRef = B0BDF5AA1BF6A0F0003BA949 /* belle_swift.h */; };
		B0BDF5BA1BF6A0F0003BA949 /* http_parser.c in Sources */ = {isa = PBXBuildFile; fileRef = B0BDF5AC1BF6A0F0003BA949 /* http_parser.c */; };
		B0BDF5BB1BF6A0F0003BA949 /* http_parser.c in Sources */ = {isa = PBXBuildFile; fileRef = B0BDF5AC1BF6A0F0003BA949 /* http_parser.c */; };
		B0BDF5BC1BF6A0F0003BA949 /* http_parser.h in Headers */ = {isa = PBXBuildFile; fileRef = B0BDF5AD1BF6A0F0003BA949 /* http_parser.h */; };
		B0BDF5BD1BF6A0F0003BA949 /* http_parser.h in Headers */ = {isa = PBXBuildFile; fileRef = B0BDF5AD1BF6A0F0003BA949 /* http_parser.h */; };
		B0BDF5BE1BF6A0F0003BA949 /* incandescence_swift.c in Sources */ = {isa = PBXBuildFile; fileRef = B0BDF5AE1BF6A0F0003BA949 /* incandescence_swift.c */; };
		B0BDF5BF1BF6A0F0003BA949 /* incandescence_swift.c in Sources */ = {isa = PBXBuildFile; fileRef = B0BDF5AE1BF6A0F0003BA949 /* incandescence_swift.c */; };
		B0BDF5C01BF6A0F0003BA949 /* incandescence_swift.h in Headers */ = {isa = PBXBuildFile; fileRef = B0BDF5AF1BF6A0F0003BA949 /* incandescence_swift.h */; };
		B0BDF5C11BF6A0F0003BA949 /* incandescence_swift.h in Headers */ = {isa = PBXBuildFile; fileRef = B0BDF5AF1BF6A0F0003BA949 /* incandescence_swift.h */; };
		B0BDF5C21BF6A0F0003BA949 /* ip.c in Sources */ = {isa = PBXBuildFile; fileRef = B0BDF5B11BF6A0F0003BA949 /* ip.c */; };
		B0BDF5C31BF6A0F0003BA949 /* ip.c in Sources */ = {isa = PBXBuildFile; fileRef = B0BDF5B11BF6A0F0003BA949 /* ip.c */; };
		B0BDF5C41BF6A0F0003BA949 /* ip.h in Headers */ = {isa = PBXBuildFile; fileRef = B0BDF5B21BF6A0F0003BA949 /* ip.h */; };
		B0BDF5C51BF6A0F0003BA949 /* ip.h in Headers */ = {isa = PBXBuildFile; fileRef = B0BDF5B21BF6A0F0003BA949 /* ip.h */; };
		B0BDF5C61BF6A0F0003BA949 /* tcp.c in Sources */ = {isa = PBXBuildFile; fileRef = B0BDF5B31BF6A0F0003BA949 /* tcp.c */; };
		B0BDF5C71BF6A0F0003BA949 /* tcp.c in Sources */ = {isa = PBXBuildFile; fileRef = B0BDF5B31BF6A0F0003BA949 /* tcp.c */; };
		B0BDF5C81BF6A0F0003BA949 /* tcp.h in Headers */ = {isa = PBXBuildFile; fileRef = B0BDF5B41BF6A0F0003BA949 /* tcp.h */; };
		B0BDF5C91BF6A0F0003BA949 /* tcp.h in Headers */ = {isa = PBXBuildFile; fileRef = B0BDF5B41BF6A0F0003BA949 /* tcp.h */; };
		B0BDF5CA1BF6A0F0003BA949 /* tide_swift.h in Headers */ = {isa = PBXBuildFile; fileRef = B0BDF5B51BF6A0F0003BA949 /* tide_swift.h */; };
		B0BDF5CB1BF6A0F0003BA949 /* tide_swift.h in Headers */ = {isa = PBXBuildFile; fileRef = B0BDF5B51BF6A0F0003BA949 /* tide_swift.h */; };
		B0BDF5CC1BF6A0F0003BA949 /* utils.c in Sources */ = {isa = PBXBuildFile; fileRef = B0BDF5B61BF6A0F0003BA949 /* utils.c */; };
		B0BDF5CD1BF6A0F0003BA949 /* utils.c in Sources */ = {isa = PBXBuildFile; fileRef = B0BDF5B61BF6A0F0003BA949 /* utils.c */; };
		B0BDF5CE1BF6A0F0003BA949 /* utils.h in Headers */ = {isa = PBXBuildFile; fileRef = B0BDF5B71BF6A0F0003BA949 /* utils.h */; };
		B0BDF5CF1BF6A0F0003BA949 /* utils.h in Headers */ = {isa = PBXBuildFile; fileRef = B0BDF5B71BF6A0F0003BA949 /* utils.h */; };
		B0BDF5EA1BF74CE8003BA949 /* HTTPContext.swift in Sources */ = {isa = PBXBuildFile; fileRef = B0BDF5E91BF74CE8003BA949 /* HTTPContext.swift */; };
		B0BDF5EB1BF74CE8003BA949 /* HTTPContext.swift in Sources */ = {isa = PBXBuildFile; fileRef = B0BDF5E91BF74CE8003BA949 /* HTTPContext.swift */; };
/* End PBXBuildFile section */

/* Begin PBXContainerItemProxy section */
		B00510A71BE97B7B001B3F26 /* PBXContainerItemProxy */ = {
			isa = PBXContainerItemProxy;
			containerPortal = B00510921BE97B7B001B3F26 /* Project object */;
			proxyType = 1;
			remoteGlobalIDString = B005109A1BE97B7B001B3F26;
			remoteInfo = Currents;
		};
		B00510F51BE9952D001B3F26 /* PBXContainerItemProxy */ = {
			isa = PBXContainerItemProxy;
			containerPortal = B00510921BE97B7B001B3F26 /* Project object */;
			proxyType = 1;
			remoteGlobalIDString = B00510E91BE9952D001B3F26;
			remoteInfo = "Currents iOS";
		};
/* End PBXContainerItemProxy section */

/* Begin PBXFileReference section */
		B005109B1BE97B7B001B3F26 /* Spell.framework */ = {isa = PBXFileReference; explicitFileType = wrapper.framework; includeInIndex = 0; path = Spell.framework; sourceTree = BUILT_PRODUCTS_DIR; };
		B00510A51BE97B7B001B3F26 /* SpellTests.xctest */ = {isa = PBXFileReference; explicitFileType = wrapper.cfbundle; includeInIndex = 0; path = SpellTests.xctest; sourceTree = BUILT_PRODUCTS_DIR; };
		B00510BE1BE97BB4001B3F26 /* module.modulemap */ = {isa = PBXFileReference; fileEncoding = 4; lastKnownFileType = "sourcecode.module-map"; path = module.modulemap; sourceTree = "<group>"; };
		B00510EA1BE9952D001B3F26 /* Spell.framework */ = {isa = PBXFileReference; explicitFileType = wrapper.framework; includeInIndex = 0; path = Spell.framework; sourceTree = BUILT_PRODUCTS_DIR; };
		B00510F31BE9952D001B3F26 /* SpellTests.xctest */ = {isa = PBXFileReference; explicitFileType = wrapper.cfbundle; includeInIndex = 0; path = SpellTests.xctest; sourceTree = BUILT_PRODUCTS_DIR; };
		B00B2A3C1BF3E96400372163 /* gamut_swift.h */ = {isa = PBXFileReference; fileEncoding = 4; lastKnownFileType = sourcecode.c.h; path = gamut_swift.h; sourceTree = "<group>"; };
		B00B2A401BF3E98F00372163 /* Info.plist */ = {isa = PBXFileReference; fileEncoding = 4; lastKnownFileType = text.plist.xml; path = Info.plist; sourceTree = "<group>"; };
		B00B2A411BF3E98F00372163 /* Spectrum.h */ = {isa = PBXFileReference; fileEncoding = 4; lastKnownFileType = sourcecode.c.h; path = Spectrum.h; sourceTree = "<group>"; };
		B00B2A4A1BF3E9E000372163 /* Regex.swift */ = {isa = PBXFileReference; fileEncoding = 4; lastKnownFileType = sourcecode.swift; path = Regex.swift; sourceTree = "<group>"; };
		B0A4B2001BF973F100FDA0E1 /* HTTPRouter.swift */ = {isa = PBXFileReference; fileEncoding = 4; lastKnownFileType = sourcecode.swift; path = HTTPRouter.swift; sourceTree = "<group>"; };
		B0A4B2031BF974C800FDA0E1 /* HTTPResponderType.swift */ = {isa = PBXFileReference; fileEncoding = 4; lastKnownFileType = sourcecode.swift; name = HTTPResponderType.swift; path = HTTPResponderType/HTTPResponderType.swift; sourceTree = SOURCE_ROOT; };
		B0A4B2061BF974D700FDA0E1 /* HTTPResponse.swift */ = {isa = PBXFileReference; fileEncoding = 4; lastKnownFileType = sourcecode.swift; name = HTTPResponse.swift; path = HTTPResponse/HTTPResponse.swift; sourceTree = SOURCE_ROOT; };
		B0A4B2091BF974E100FDA0E1 /* HTTPMethod.swift */ = {isa = PBXFileReference; fileEncoding = 4; lastKnownFileType = sourcecode.swift; name = HTTPMethod.swift; path = HTTPRequest/HTTPMethod.swift; sourceTree = SOURCE_ROOT; };
		B0A4B20A1BF974E100FDA0E1 /* HTTPRequest.swift */ = {isa = PBXFileReference; fileEncoding = 4; lastKnownFileType = sourcecode.swift; name = HTTPRequest.swift; path = HTTPRequest/HTTPRequest.swift; sourceTree = SOURCE_ROOT; };
		B0A4B21C1BF975D900FDA0E1 /* URI.swift */ = {isa = PBXFileReference; fileEncoding = 4; lastKnownFileType = sourcecode.swift; name = URI.swift; path = URI/URI.swift; sourceTree = SOURCE_ROOT; };
		B0BDF52E1BF69E18003BA949 /* Info.plist */ = {isa = PBXFileReference; fileEncoding = 4; lastKnownFileType = text.plist.xml; path = Info.plist; sourceTree = "<group>"; };
		B0BDF52F1BF69E18003BA949 /* SpellTests.swift */ = {isa = PBXFileReference; fileEncoding = 4; lastKnownFileType = sourcecode.swift; path = SpellTests.swift; sourceTree = "<group>"; };
		B0BDF5351BF69E67003BA949 /* Spell.h */ = {isa = PBXFileReference; fileEncoding = 4; lastKnownFileType = sourcecode.c.h; path = Spell.h; sourceTree = "<group>"; };
		B0BDF53B1BF69F31003BA949 /* Info.plist */ = {isa = PBXFileReference; fileEncoding = 4; lastKnownFileType = text.plist.xml; path = Info.plist; sourceTree = "<group>"; };
		B0BDF5AA1BF6A0F0003BA949 /* belle_swift.h */ = {isa = PBXFileReference; fileEncoding = 4; lastKnownFileType = sourcecode.c.h; path = belle_swift.h; sourceTree = "<group>"; };
		B0BDF5AC1BF6A0F0003BA949 /* http_parser.c */ = {isa = PBXFileReference; fileEncoding = 4; lastKnownFileType = sourcecode.c.c; path = http_parser.c; sourceTree = "<group>"; };
		B0BDF5AD1BF6A0F0003BA949 /* http_parser.h */ = {isa = PBXFileReference; fileEncoding = 4; lastKnownFileType = sourcecode.c.h; path = http_parser.h; sourceTree = "<group>"; };
		B0BDF5AE1BF6A0F0003BA949 /* incandescence_swift.c */ = {isa = PBXFileReference; fileEncoding = 4; lastKnownFileType = sourcecode.c.c; path = incandescence_swift.c; sourceTree = "<group>"; };
		B0BDF5AF1BF6A0F0003BA949 /* incandescence_swift.h */ = {isa = PBXFileReference; fileEncoding = 4; lastKnownFileType = sourcecode.c.h; path = incandescence_swift.h; sourceTree = "<group>"; };
		B0BDF5B11BF6A0F0003BA949 /* ip.c */ = {isa = PBXFileReference; fileEncoding = 4; lastKnownFileType = sourcecode.c.c; path = ip.c; sourceTree = "<group>"; };
		B0BDF5B21BF6A0F0003BA949 /* ip.h */ = {isa = PBXFileReference; fileEncoding = 4; lastKnownFileType = sourcecode.c.h; path = ip.h; sourceTree = "<group>"; };
		B0BDF5B31BF6A0F0003BA949 /* tcp.c */ = {isa = PBXFileReference; fileEncoding = 4; lastKnownFileType = sourcecode.c.c; path = tcp.c; sourceTree = "<group>"; };
		B0BDF5B41BF6A0F0003BA949 /* tcp.h */ = {isa = PBXFileReference; fileEncoding = 4; lastKnownFileType = sourcecode.c.h; path = tcp.h; sourceTree = "<group>"; };
		B0BDF5B51BF6A0F0003BA949 /* tide_swift.h */ = {isa = PBXFileReference; fileEncoding = 4; lastKnownFileType = sourcecode.c.h; path = tide_swift.h; sourceTree = "<group>"; };
		B0BDF5B61BF6A0F0003BA949 /* utils.c */ = {isa = PBXFileReference; fileEncoding = 4; lastKnownFileType = sourcecode.c.c; path = utils.c; sourceTree = "<group>"; };
		B0BDF5B71BF6A0F0003BA949 /* utils.h */ = {isa = PBXFileReference; fileEncoding = 4; lastKnownFileType = sourcecode.c.h; path = utils.h; sourceTree = "<group>"; };
		B0BDF5E91BF74CE8003BA949 /* HTTPContext.swift */ = {isa = PBXFileReference; fileEncoding = 4; lastKnownFileType = sourcecode.swift; path = HTTPContext.swift; sourceTree = "<group>"; };
/* End PBXFileReference section */

/* Begin PBXFrameworksBuildPhase section */
		B00510971BE97B7B001B3F26 /* Frameworks */ = {
			isa = PBXFrameworksBuildPhase;
			buildActionMask = 2147483647;
			files = (
			);
			runOnlyForDeploymentPostprocessing = 0;
		};
		B00510A21BE97B7B001B3F26 /* Frameworks */ = {
			isa = PBXFrameworksBuildPhase;
			buildActionMask = 2147483647;
			files = (
				B00510A61BE97B7B001B3F26 /* Spell.framework in Frameworks */,
			);
			runOnlyForDeploymentPostprocessing = 0;
		};
		B00510E61BE9952D001B3F26 /* Frameworks */ = {
			isa = PBXFrameworksBuildPhase;
			buildActionMask = 2147483647;
			files = (
			);
			runOnlyForDeploymentPostprocessing = 0;
		};
		B00510F01BE9952D001B3F26 /* Frameworks */ = {
			isa = PBXFrameworksBuildPhase;
			buildActionMask = 2147483647;
			files = (
				B00510F41BE9952D001B3F26 /* Spell.framework in Frameworks */,
			);
			runOnlyForDeploymentPostprocessing = 0;
		};
/* End PBXFrameworksBuildPhase section */

/* Begin PBXGroup section */
		B00510911BE97B7B001B3F26 = {
			isa = PBXGroup;
			children = (
				B00510B51BE97BB4001B3F26 /* Dependencies */,
				B00B2A3F1BF3E98F00372163 /* Spectrum */,
				B0A4B21B1BF975C700FDA0E1 /* URI */,
				B0BDF5691BF6A0D9003BA949 /* HTTPRequest */,
				B0A4B1FF1BF971E100FDA0E1 /* HTTPResponse */,
				B0A4B1F21BF95EFF00FDA0E1 /* HTTPResponderType */,
				B0BDF5341BF69E55003BA949 /* Spell */,
				B0BDF52D1BF69E18003BA949 /* Spell Tests */,
				B005109C1BE97B7B001B3F26 /* Products */,
			);
			sourceTree = "<group>";
		};
		B005109C1BE97B7B001B3F26 /* Products */ = {
			isa = PBXGroup;
			children = (
				B005109B1BE97B7B001B3F26 /* Spell.framework */,
				B00510A51BE97B7B001B3F26 /* SpellTests.xctest */,
				B00510EA1BE9952D001B3F26 /* Spell.framework */,
				B00510F31BE9952D001B3F26 /* SpellTests.xctest */,
			);
			name = Products;
			sourceTree = "<group>";
		};
		B00510B51BE97BB4001B3F26 /* Dependencies */ = {
			isa = PBXGroup;
			children = (
				B0BDF5A91BF6A0F0003BA949 /* Belle */,
				B0BDF5AB1BF6A0F0003BA949 /* Incandescence */,
				B0BDF5B01BF6A0F0003BA949 /* Tide */,
				B00B2A3B1BF3E96400372163 /* Gamut */,
				B00510BE1BE97BB4001B3F26 /* module.modulemap */,
			);
			path = Dependencies;
			sourceTree = "<group>";
		};
		B00B2A3B1BF3E96400372163 /* Gamut */ = {
			isa = PBXGroup;
			children = (
				B00B2A3C1BF3E96400372163 /* gamut_swift.h */,
			);
			path = Gamut;
			sourceTree = "<group>";
		};
		B00B2A3F1BF3E98F00372163 /* Spectrum */ = {
			isa = PBXGroup;
			children = (
				B00B2A401BF3E98F00372163 /* Info.plist */,
				B00B2A411BF3E98F00372163 /* Spectrum.h */,
				B00B2A4A1BF3E9E000372163 /* Regex.swift */,
			);
			path = Spectrum;
			sourceTree = "<group>";
		};
		B0A4B1F21BF95EFF00FDA0E1 /* HTTPResponderType */ = {
			isa = PBXGroup;
			children = (
				B0A4B2031BF974C800FDA0E1 /* HTTPResponderType.swift */,
			);
			name = HTTPResponderType;
			path = HTTPServerType;
			sourceTree = "<group>";
		};
		B0A4B1FF1BF971E100FDA0E1 /* HTTPResponse */ = {
			isa = PBXGroup;
			children = (
				B0A4B2061BF974D700FDA0E1 /* HTTPResponse.swift */,
			);
			name = HTTPResponse;
			path = Luminescence/URI;
			sourceTree = "<group>";
		};
		B0A4B21B1BF975C700FDA0E1 /* URI */ = {
			isa = PBXGroup;
			children = (
				B0A4B21C1BF975D900FDA0E1 /* URI.swift */,
			);
			name = URI;
			path = Luminescence/URI;
			sourceTree = "<group>";
		};
		B0BDF52D1BF69E18003BA949 /* Spell Tests */ = {
			isa = PBXGroup;
			children = (
				B0BDF52E1BF69E18003BA949 /* Info.plist */,
				B0BDF52F1BF69E18003BA949 /* SpellTests.swift */,
			);
			path = "Spell Tests";
			sourceTree = "<group>";
		};
		B0BDF5341BF69E55003BA949 /* Spell */ = {
			isa = PBXGroup;
			children = (
				B0BDF53B1BF69F31003BA949 /* Info.plist */,
				B0BDF5351BF69E67003BA949 /* Spell.h */,
				B0A4B2001BF973F100FDA0E1 /* HTTPRouter.swift */,
				B0BDF5E91BF74CE8003BA949 /* HTTPContext.swift */,
			);
			path = Spell;
			sourceTree = "<group>";
		};
		B0BDF5691BF6A0D9003BA949 /* HTTPRequest */ = {
			isa = PBXGroup;
			children = (
				B0A4B2091BF974E100FDA0E1 /* HTTPMethod.swift */,
				B0A4B20A1BF974E100FDA0E1 /* HTTPRequest.swift */,
			);
			name = HTTPRequest;
			path = Luminescence/URI;
			sourceTree = "<group>";
		};
		B0BDF5A91BF6A0F0003BA949 /* Belle */ = {
			isa = PBXGroup;
			children = (
				B0BDF5AA1BF6A0F0003BA949 /* belle_swift.h */,
			);
			path = Belle;
			sourceTree = "<group>";
		};
		B0BDF5AB1BF6A0F0003BA949 /* Incandescence */ = {
			isa = PBXGroup;
			children = (
				B0BDF5AC1BF6A0F0003BA949 /* http_parser.c */,
				B0BDF5AD1BF6A0F0003BA949 /* http_parser.h */,
				B0BDF5AE1BF6A0F0003BA949 /* incandescence_swift.c */,
				B0BDF5AF1BF6A0F0003BA949 /* incandescence_swift.h */,
			);
			path = Incandescence;
			sourceTree = "<group>";
		};
		B0BDF5B01BF6A0F0003BA949 /* Tide */ = {
			isa = PBXGroup;
			children = (
				B0BDF5B11BF6A0F0003BA949 /* ip.c */,
				B0BDF5B21BF6A0F0003BA949 /* ip.h */,
				B0BDF5B31BF6A0F0003BA949 /* tcp.c */,
				B0BDF5B41BF6A0F0003BA949 /* tcp.h */,
				B0BDF5B51BF6A0F0003BA949 /* tide_swift.h */,
				B0BDF5B61BF6A0F0003BA949 /* utils.c */,
				B0BDF5B71BF6A0F0003BA949 /* utils.h */,
			);
			path = Tide;
			sourceTree = "<group>";
		};
/* End PBXGroup section */

/* Begin PBXHeadersBuildPhase section */
		B00510981BE97B7B001B3F26 /* Headers */ = {
			isa = PBXHeadersBuildPhase;
			buildActionMask = 2147483647;
			files = (
				B0BDF5361BF69E67003BA949 /* Spell.h in Headers */,
				B00B2A3D1BF3E96400372163 /* gamut_swift.h in Headers */,
				B0BDF5CE1BF6A0F0003BA949 /* utils.h in Headers */,
				B0BDF5CA1BF6A0F0003BA949 /* tide_swift.h in Headers */,
				B0BDF5B81BF6A0F0003BA949 /* belle_swift.h in Headers */,
				B0BDF5BC1BF6A0F0003BA949 /* http_parser.h in Headers */,
				B00B2A441BF3E98F00372163 /* Spectrum.h in Headers */,
				B0BDF5C81BF6A0F0003BA949 /* tcp.h in Headers */,
				B0BDF5C01BF6A0F0003BA949 /* incandescence_swift.h in Headers */,
				B0BDF5C41BF6A0F0003BA949 /* ip.h in Headers */,
			);
			runOnlyForDeploymentPostprocessing = 0;
		};
		B00510E71BE9952D001B3F26 /* Headers */ = {
			isa = PBXHeadersBuildPhase;
			buildActionMask = 2147483647;
			files = (
				B0BDF5371BF69E67003BA949 /* Spell.h in Headers */,
				B00B2A3E1BF3E96400372163 /* gamut_swift.h in Headers */,
				B0BDF5CF1BF6A0F0003BA949 /* utils.h in Headers */,
				B0BDF5CB1BF6A0F0003BA949 /* tide_swift.h in Headers */,
				B0BDF5B91BF6A0F0003BA949 /* belle_swift.h in Headers */,
				B0BDF5BD1BF6A0F0003BA949 /* http_parser.h in Headers */,
				B00B2A451BF3E98F00372163 /* Spectrum.h in Headers */,
				B0BDF5C91BF6A0F0003BA949 /* tcp.h in Headers */,
				B0BDF5C11BF6A0F0003BA949 /* incandescence_swift.h in Headers */,
				B0BDF5C51BF6A0F0003BA949 /* ip.h in Headers */,
			);
			runOnlyForDeploymentPostprocessing = 0;
		};
/* End PBXHeadersBuildPhase section */

/* Begin PBXNativeTarget section */
		B005109A1BE97B7B001B3F26 /* Spell OSX */ = {
			isa = PBXNativeTarget;
			buildConfigurationList = B00510AF1BE97B7B001B3F26 /* Build configuration list for PBXNativeTarget "Spell OSX" */;
			buildPhases = (
				B00510961BE97B7B001B3F26 /* Sources */,
				B00510971BE97B7B001B3F26 /* Frameworks */,
				B00510981BE97B7B001B3F26 /* Headers */,
				B00510991BE97B7B001B3F26 /* Resources */,
			);
			buildRules = (
			);
			dependencies = (
			);
			name = "Spell OSX";
			productName = Currents;
			productReference = B005109B1BE97B7B001B3F26 /* Spell.framework */;
			productType = "com.apple.product-type.framework";
		};
		B00510A41BE97B7B001B3F26 /* Spell OSX Tests */ = {
			isa = PBXNativeTarget;
			buildConfigurationList = B00510B21BE97B7B001B3F26 /* Build configuration list for PBXNativeTarget "Spell OSX Tests" */;
			buildPhases = (
				B00510A11BE97B7B001B3F26 /* Sources */,
				B00510A21BE97B7B001B3F26 /* Frameworks */,
				B00510A31BE97B7B001B3F26 /* Resources */,
			);
			buildRules = (
			);
			dependencies = (
				B00510A81BE97B7B001B3F26 /* PBXTargetDependency */,
			);
			name = "Spell OSX Tests";
			productName = CurrentsTests;
			productReference = B00510A51BE97B7B001B3F26 /* SpellTests.xctest */;
			productType = "com.apple.product-type.bundle.unit-test";
		};
		B00510E91BE9952D001B3F26 /* Spell iOS */ = {
			isa = PBXNativeTarget;
			buildConfigurationList = B00510FB1BE9952D001B3F26 /* Build configuration list for PBXNativeTarget "Spell iOS" */;
			buildPhases = (
				B00510E51BE9952D001B3F26 /* Sources */,
				B00510E61BE9952D001B3F26 /* Frameworks */,
				B00510E71BE9952D001B3F26 /* Headers */,
				B00510E81BE9952D001B3F26 /* Resources */,
			);
			buildRules = (
			);
			dependencies = (
			);
			name = "Spell iOS";
			productName = "Currents iOS";
			productReference = B00510EA1BE9952D001B3F26 /* Spell.framework */;
			productType = "com.apple.product-type.framework";
		};
		B00510F21BE9952D001B3F26 /* Spell iOS Tests */ = {
			isa = PBXNativeTarget;
			buildConfigurationList = B00510FE1BE9952D001B3F26 /* Build configuration list for PBXNativeTarget "Spell iOS Tests" */;
			buildPhases = (
				B00510EF1BE9952D001B3F26 /* Sources */,
				B00510F01BE9952D001B3F26 /* Frameworks */,
				B00510F11BE9952D001B3F26 /* Resources */,
			);
			buildRules = (
			);
			dependencies = (
				B00510F61BE9952D001B3F26 /* PBXTargetDependency */,
			);
			name = "Spell iOS Tests";
			productName = "Currents iOSTests";
			productReference = B00510F31BE9952D001B3F26 /* SpellTests.xctest */;
			productType = "com.apple.product-type.bundle.unit-test";
		};
/* End PBXNativeTarget section */

/* Begin PBXProject section */
		B00510921BE97B7B001B3F26 /* Project object */ = {
			isa = PBXProject;
			attributes = {
				LastSwiftUpdateCheck = 0710;
				LastUpgradeCheck = 0710;
				ORGANIZATIONNAME = Zewo;
				TargetAttributes = {
					B005109A1BE97B7B001B3F26 = {
						CreatedOnToolsVersion = 7.1;
					};
					B00510A41BE97B7B001B3F26 = {
						CreatedOnToolsVersion = 7.1;
					};
					B00510E91BE9952D001B3F26 = {
						CreatedOnToolsVersion = 7.1;
					};
					B00510F21BE9952D001B3F26 = {
						CreatedOnToolsVersion = 7.1;
					};
				};
			};
			buildConfigurationList = B00510951BE97B7B001B3F26 /* Build configuration list for PBXProject "Spell" */;
			compatibilityVersion = "Xcode 3.2";
			developmentRegion = English;
			hasScannedForEncodings = 0;
			knownRegions = (
				en,
			);
			mainGroup = B00510911BE97B7B001B3F26;
			productRefGroup = B005109C1BE97B7B001B3F26 /* Products */;
			projectDirPath = "";
			projectRoot = "";
			targets = (
				B005109A1BE97B7B001B3F26 /* Spell OSX */,
				B00510A41BE97B7B001B3F26 /* Spell OSX Tests */,
				B00510E91BE9952D001B3F26 /* Spell iOS */,
				B00510F21BE9952D001B3F26 /* Spell iOS Tests */,
			);
		};
/* End PBXProject section */

/* Begin PBXResourcesBuildPhase section */
		B00510991BE97B7B001B3F26 /* Resources */ = {
			isa = PBXResourcesBuildPhase;
			buildActionMask = 2147483647;
			files = (
			);
			runOnlyForDeploymentPostprocessing = 0;
		};
		B00510A31BE97B7B001B3F26 /* Resources */ = {
			isa = PBXResourcesBuildPhase;
			buildActionMask = 2147483647;
			files = (
			);
			runOnlyForDeploymentPostprocessing = 0;
		};
		B00510E81BE9952D001B3F26 /* Resources */ = {
			isa = PBXResourcesBuildPhase;
			buildActionMask = 2147483647;
			files = (
			);
			runOnlyForDeploymentPostprocessing = 0;
		};
		B00510F11BE9952D001B3F26 /* Resources */ = {
			isa = PBXResourcesBuildPhase;
			buildActionMask = 2147483647;
			files = (
			);
			runOnlyForDeploymentPostprocessing = 0;
		};
/* End PBXResourcesBuildPhase section */

/* Begin PBXSourcesBuildPhase section */
		B00510961BE97B7B001B3F26 /* Sources */ = {
			isa = PBXSourcesBuildPhase;
			buildActionMask = 2147483647;
			files = (
				B0BDF5C21BF6A0F0003BA949 /* ip.c in Sources */,
				B0A4B21D1BF975D900FDA0E1 /* URI.swift in Sources */,
				B0BDF5BA1BF6A0F0003BA949 /* http_parser.c in Sources */,
				B0BDF5CC1BF6A0F0003BA949 /* utils.c in Sources */,
				B0A4B2041BF974C800FDA0E1 /* HTTPResponderType.swift in Sources */,
				B0A4B20C1BF974E100FDA0E1 /* HTTPMethod.swift in Sources */,
				B0A4B2071BF974D700FDA0E1 /* HTTPResponse.swift in Sources */,
				B00B2A4B1BF3E9E000372163 /* Regex.swift in Sources */,
				B0BDF5C61BF6A0F0003BA949 /* tcp.c in Sources */,
				B0A4B2011BF973F100FDA0E1 /* HTTPRouter.swift in Sources */,
				B0BDF5BE1BF6A0F0003BA949 /* incandescence_swift.c in Sources */,
				B0BDF5EA1BF74CE8003BA949 /* HTTPContext.swift in Sources */,
				B0A4B20E1BF974E100FDA0E1 /* HTTPRequest.swift in Sources */,
			);
			runOnlyForDeploymentPostprocessing = 0;
		};
		B00510A11BE97B7B001B3F26 /* Sources */ = {
			isa = PBXSourcesBuildPhase;
			buildActionMask = 2147483647;
			files = (
				B0BDF5321BF69E18003BA949 /* SpellTests.swift in Sources */,
			);
			runOnlyForDeploymentPostprocessing = 0;
		};
		B00510E51BE9952D001B3F26 /* Sources */ = {
			isa = PBXSourcesBuildPhase;
			buildActionMask = 2147483647;
			files = (
				B0BDF5C31BF6A0F0003BA949 /* ip.c in Sources */,
				B0A4B21E1BF975D900FDA0E1 /* URI.swift in Sources */,
				B0BDF5BB1BF6A0F0003BA949 /* http_parser.c in Sources */,
				B0BDF5CD1BF6A0F0003BA949 /* utils.c in Sources */,
				B0A4B2051BF974C800FDA0E1 /* HTTPResponderType.swift in Sources */,
				B0A4B20D1BF974E100FDA0E1 /* HTTPMethod.swift in Sources */,
				B0A4B2081BF974D700FDA0E1 /* HTTPResponse.swift in Sources */,
				B00B2A4C1BF3E9E000372163 /* Regex.swift in Sources */,
				B0BDF5C71BF6A0F0003BA949 /* tcp.c in Sources */,
				B0A4B2021BF973F100FDA0E1 /* HTTPRouter.swift in Sources */,
				B0BDF5BF1BF6A0F0003BA949 /* incandescence_swift.c in Sources */,
				B0BDF5EB1BF74CE8003BA949 /* HTTPContext.swift in Sources */,
				B0A4B20F1BF974E100FDA0E1 /* HTTPRequest.swift in Sources */,
			);
			runOnlyForDeploymentPostprocessing = 0;
		};
		B00510EF1BE9952D001B3F26 /* Sources */ = {
			isa = PBXSourcesBuildPhase;
			buildActionMask = 2147483647;
			files = (
				B0BDF5331BF69E18003BA949 /* SpellTests.swift in Sources */,
			);
			runOnlyForDeploymentPostprocessing = 0;
		};
/* End PBXSourcesBuildPhase section */

/* Begin PBXTargetDependency section */
		B00510A81BE97B7B001B3F26 /* PBXTargetDependency */ = {
			isa = PBXTargetDependency;
			target = B005109A1BE97B7B001B3F26 /* Spell OSX */;
			targetProxy = B00510A71BE97B7B001B3F26 /* PBXContainerItemProxy */;
		};
		B00510F61BE9952D001B3F26 /* PBXTargetDependency */ = {
			isa = PBXTargetDependency;
			target = B00510E91BE9952D001B3F26 /* Spell iOS */;
			targetProxy = B00510F51BE9952D001B3F26 /* PBXContainerItemProxy */;
		};
/* End PBXTargetDependency section */

/* Begin XCBuildConfiguration section */
		B00510AD1BE97B7B001B3F26 /* Debug */ = {
			isa = XCBuildConfiguration;
			buildSettings = {
				ALWAYS_SEARCH_USER_PATHS = NO;
				CLANG_CXX_LANGUAGE_STANDARD = "gnu++0x";
				CLANG_CXX_LIBRARY = "libc++";
				CLANG_ENABLE_MODULES = YES;
				CLANG_ENABLE_OBJC_ARC = YES;
				CLANG_WARN_BOOL_CONVERSION = YES;
				CLANG_WARN_CONSTANT_CONVERSION = YES;
				CLANG_WARN_DIRECT_OBJC_ISA_USAGE = YES_ERROR;
				CLANG_WARN_EMPTY_BODY = YES;
				CLANG_WARN_ENUM_CONVERSION = YES;
				CLANG_WARN_INT_CONVERSION = YES;
				CLANG_WARN_OBJC_ROOT_CLASS = YES_ERROR;
				CLANG_WARN_UNREACHABLE_CODE = YES;
				CLANG_WARN__DUPLICATE_METHOD_MATCH = YES;
				CODE_SIGN_IDENTITY = "-";
				COPY_PHASE_STRIP = NO;
				CURRENT_PROJECT_VERSION = 1;
				DEBUG_INFORMATION_FORMAT = dwarf;
				ENABLE_STRICT_OBJC_MSGSEND = YES;
				ENABLE_TESTABILITY = YES;
				GCC_C_LANGUAGE_STANDARD = gnu99;
				GCC_DYNAMIC_NO_PIC = NO;
				GCC_NO_COMMON_BLOCKS = YES;
				GCC_OPTIMIZATION_LEVEL = 0;
				GCC_PREPROCESSOR_DEFINITIONS = (
					"DEBUG=1",
					"$(inherited)",
				);
				GCC_WARN_64_TO_32_BIT_CONVERSION = YES;
				GCC_WARN_ABOUT_RETURN_TYPE = YES_ERROR;
				GCC_WARN_UNDECLARED_SELECTOR = YES;
				GCC_WARN_UNINITIALIZED_AUTOS = YES_AGGRESSIVE;
				GCC_WARN_UNUSED_FUNCTION = YES;
				GCC_WARN_UNUSED_VARIABLE = YES;
				MACOSX_DEPLOYMENT_TARGET = 10.10;
				MTL_ENABLE_DEBUG_INFO = YES;
				ONLY_ACTIVE_ARCH = YES;
				SDKROOT = macosx;
				SWIFT_OPTIMIZATION_LEVEL = "-Onone";
				VERSIONING_SYSTEM = "apple-generic";
				VERSION_INFO_PREFIX = "";
			};
			name = Debug;
		};
		B00510AE1BE97B7B001B3F26 /* Release */ = {
			isa = XCBuildConfiguration;
			buildSettings = {
				ALWAYS_SEARCH_USER_PATHS = NO;
				CLANG_CXX_LANGUAGE_STANDARD = "gnu++0x";
				CLANG_CXX_LIBRARY = "libc++";
				CLANG_ENABLE_MODULES = YES;
				CLANG_ENABLE_OBJC_ARC = YES;
				CLANG_WARN_BOOL_CONVERSION = YES;
				CLANG_WARN_CONSTANT_CONVERSION = YES;
				CLANG_WARN_DIRECT_OBJC_ISA_USAGE = YES_ERROR;
				CLANG_WARN_EMPTY_BODY = YES;
				CLANG_WARN_ENUM_CONVERSION = YES;
				CLANG_WARN_INT_CONVERSION = YES;
				CLANG_WARN_OBJC_ROOT_CLASS = YES_ERROR;
				CLANG_WARN_UNREACHABLE_CODE = YES;
				CLANG_WARN__DUPLICATE_METHOD_MATCH = YES;
				CODE_SIGN_IDENTITY = "-";
				COPY_PHASE_STRIP = NO;
				CURRENT_PROJECT_VERSION = 1;
				DEBUG_INFORMATION_FORMAT = "dwarf-with-dsym";
				ENABLE_NS_ASSERTIONS = NO;
				ENABLE_STRICT_OBJC_MSGSEND = YES;
				GCC_C_LANGUAGE_STANDARD = gnu99;
				GCC_NO_COMMON_BLOCKS = YES;
				GCC_WARN_64_TO_32_BIT_CONVERSION = YES;
				GCC_WARN_ABOUT_RETURN_TYPE = YES_ERROR;
				GCC_WARN_UNDECLARED_SELECTOR = YES;
				GCC_WARN_UNINITIALIZED_AUTOS = YES_AGGRESSIVE;
				GCC_WARN_UNUSED_FUNCTION = YES;
				GCC_WARN_UNUSED_VARIABLE = YES;
				MACOSX_DEPLOYMENT_TARGET = 10.10;
				MTL_ENABLE_DEBUG_INFO = NO;
				SDKROOT = macosx;
				VERSIONING_SYSTEM = "apple-generic";
				VERSION_INFO_PREFIX = "";
			};
			name = Release;
		};
		B00510B01BE97B7B001B3F26 /* Debug */ = {
			isa = XCBuildConfiguration;
			buildSettings = {
				CLANG_ENABLE_MODULES = YES;
				COMBINE_HIDPI_IMAGES = YES;
				DEFINES_MODULE = YES;
				DYLIB_COMPATIBILITY_VERSION = 1;
				DYLIB_CURRENT_VERSION = 1;
				DYLIB_INSTALL_NAME_BASE = "@rpath";
				FRAMEWORK_VERSION = A;
				INFOPLIST_FILE = Spell/Info.plist;
				INSTALL_PATH = "$(LOCAL_LIBRARY_DIR)/Frameworks";
				LD_RUNPATH_SEARCH_PATHS = "$(inherited) @executable_path/../Frameworks @loader_path/Frameworks";
				MACOSX_DEPLOYMENT_TARGET = 10.9;
				PRODUCT_BUNDLE_IDENTIFIER = com.zewo.SpellOSX;
				PRODUCT_MODULE_NAME = Spell;
				PRODUCT_NAME = Spell;
				SKIP_INSTALL = YES;
				SWIFT_INCLUDE_PATHS = "$(SRCROOT)/Dependencies";
				SWIFT_OPTIMIZATION_LEVEL = "-Onone";
			};
			name = Debug;
		};
		B00510B11BE97B7B001B3F26 /* Release */ = {
			isa = XCBuildConfiguration;
			buildSettings = {
				CLANG_ENABLE_MODULES = YES;
				COMBINE_HIDPI_IMAGES = YES;
				DEFINES_MODULE = YES;
				DYLIB_COMPATIBILITY_VERSION = 1;
				DYLIB_CURRENT_VERSION = 1;
				DYLIB_INSTALL_NAME_BASE = "@rpath";
				FRAMEWORK_VERSION = A;
				INFOPLIST_FILE = Spell/Info.plist;
				INSTALL_PATH = "$(LOCAL_LIBRARY_DIR)/Frameworks";
				LD_RUNPATH_SEARCH_PATHS = "$(inherited) @executable_path/../Frameworks @loader_path/Frameworks";
				MACOSX_DEPLOYMENT_TARGET = 10.9;
				PRODUCT_BUNDLE_IDENTIFIER = com.zewo.SpellOSX;
				PRODUCT_MODULE_NAME = Spell;
				PRODUCT_NAME = Spell;
				SKIP_INSTALL = YES;
				SWIFT_INCLUDE_PATHS = "$(SRCROOT)/Dependencies";
			};
			name = Release;
		};
		B00510B31BE97B7B001B3F26 /* Debug */ = {
			isa = XCBuildConfiguration;
			buildSettings = {
				CLANG_ENABLE_MODULES = YES;
				COMBINE_HIDPI_IMAGES = YES;
				INFOPLIST_FILE = "Spell Tests/Info.plist";
				LD_RUNPATH_SEARCH_PATHS = "$(inherited) @executable_path/../Frameworks @loader_path/../Frameworks";
				PRODUCT_BUNDLE_IDENTIFIER = com.zewo.SpellOSXTests;
				PRODUCT_NAME = SpellTests;
				SWIFT_OPTIMIZATION_LEVEL = "-Onone";
			};
			name = Debug;
		};
		B00510B41BE97B7B001B3F26 /* Release */ = {
			isa = XCBuildConfiguration;
			buildSettings = {
				CLANG_ENABLE_MODULES = YES;
				COMBINE_HIDPI_IMAGES = YES;
				INFOPLIST_FILE = "Spell Tests/Info.plist";
				LD_RUNPATH_SEARCH_PATHS = "$(inherited) @executable_path/../Frameworks @loader_path/../Frameworks";
				PRODUCT_BUNDLE_IDENTIFIER = com.zewo.SpellOSXTests;
				PRODUCT_NAME = SpellTests;
			};
			name = Release;
		};
		B00510FC1BE9952D001B3F26 /* Debug */ = {
			isa = XCBuildConfiguration;
			buildSettings = {
				CLANG_ENABLE_MODULES = YES;
				"CODE_SIGN_IDENTITY[sdk=iphoneos*]" = "iPhone Developer";
				DEFINES_MODULE = YES;
				DYLIB_COMPATIBILITY_VERSION = 1;
				DYLIB_CURRENT_VERSION = 1;
				DYLIB_INSTALL_NAME_BASE = "@rpath";
				INFOPLIST_FILE = Spell/Info.plist;
				INSTALL_PATH = "$(LOCAL_LIBRARY_DIR)/Frameworks";
				IPHONEOS_DEPLOYMENT_TARGET = 8.1;
				LD_RUNPATH_SEARCH_PATHS = "$(inherited) @executable_path/Frameworks @loader_path/Frameworks";
				PRODUCT_BUNDLE_IDENTIFIER = com.zewo.SpelliOS;
				PRODUCT_MODULE_NAME = Spell;
				PRODUCT_NAME = Spell;
				SDKROOT = iphoneos;
				SKIP_INSTALL = YES;
				SWIFT_INCLUDE_PATHS = "$(SRCROOT)/Dependencies";
				SWIFT_OPTIMIZATION_LEVEL = "-Onone";
				TARGETED_DEVICE_FAMILY = "1,2";
			};
			name = Debug;
		};
		B00510FD1BE9952D001B3F26 /* Release */ = {
			isa = XCBuildConfiguration;
			buildSettings = {
				CLANG_ENABLE_MODULES = YES;
				"CODE_SIGN_IDENTITY[sdk=iphoneos*]" = "iPhone Developer";
				DEFINES_MODULE = YES;
				DYLIB_COMPATIBILITY_VERSION = 1;
				DYLIB_CURRENT_VERSION = 1;
				DYLIB_INSTALL_NAME_BASE = "@rpath";
				INFOPLIST_FILE = Spell/Info.plist;
				INSTALL_PATH = "$(LOCAL_LIBRARY_DIR)/Frameworks";
				IPHONEOS_DEPLOYMENT_TARGET = 8.1;
				LD_RUNPATH_SEARCH_PATHS = "$(inherited) @executable_path/Frameworks @loader_path/Frameworks";
				PRODUCT_BUNDLE_IDENTIFIER = com.zewo.SpelliOS;
				PRODUCT_MODULE_NAME = Spell;
				PRODUCT_NAME = Spell;
				SDKROOT = iphoneos;
				SKIP_INSTALL = YES;
				SWIFT_INCLUDE_PATHS = "$(SRCROOT)/Dependencies";
				TARGETED_DEVICE_FAMILY = "1,2";
				VALIDATE_PRODUCT = YES;
			};
			name = Release;
		};
		B00510FF1BE9952D001B3F26 /* Debug */ = {
			isa = XCBuildConfiguration;
			buildSettings = {
				CLANG_ENABLE_MODULES = YES;
				"CODE_SIGN_IDENTITY[sdk=iphoneos*]" = "iPhone Developer";
				INFOPLIST_FILE = "Spell Tests/Info.plist";
				IPHONEOS_DEPLOYMENT_TARGET = 9.1;
				LD_RUNPATH_SEARCH_PATHS = "$(inherited) @executable_path/Frameworks @loader_path/Frameworks";
				PRODUCT_BUNDLE_IDENTIFIER = com.zewo.SpelliOSTests;
				PRODUCT_NAME = SpellTests;
				SDKROOT = iphoneos;
				SWIFT_OPTIMIZATION_LEVEL = "-Onone";
			};
			name = Debug;
		};
		B00511001BE9952D001B3F26 /* Release */ = {
			isa = XCBuildConfiguration;
			buildSettings = {
				CLANG_ENABLE_MODULES = YES;
				"CODE_SIGN_IDENTITY[sdk=iphoneos*]" = "iPhone Developer";
				INFOPLIST_FILE = "Spell Tests/Info.plist";
				IPHONEOS_DEPLOYMENT_TARGET = 9.1;
				LD_RUNPATH_SEARCH_PATHS = "$(inherited) @executable_path/Frameworks @loader_path/Frameworks";
				PRODUCT_BUNDLE_IDENTIFIER = com.zewo.SpelliOSTests;
				PRODUCT_NAME = SpellTests;
				SDKROOT = iphoneos;
				VALIDATE_PRODUCT = YES;
			};
			name = Release;
		};
/* End XCBuildConfiguration section */

/* Begin XCConfigurationList section */
		B00510951BE97B7B001B3F26 /* Build configuration list for PBXProject "Spell" */ = {
			isa = XCConfigurationList;
			buildConfigurations = (
				B00510AD1BE97B7B001B3F26 /* Debug */,
				B00510AE1BE97B7B001B3F26 /* Release */,
			);
			defaultConfigurationIsVisible = 0;
			defaultConfigurationName = Release;
		};
		B00510AF1BE97B7B001B3F26 /* Build configuration list for PBXNativeTarget "Spell OSX" */ = {
			isa = XCConfigurationList;
			buildConfigurations = (
				B00510B01BE97B7B001B3F26 /* Debug */,
				B00510B11BE97B7B001B3F26 /* Release */,
			);
			defaultConfigurationIsVisible = 0;
			defaultConfigurationName = Release;
		};
		B00510B21BE97B7B001B3F26 /* Build configuration list for PBXNativeTarget "Spell OSX Tests" */ = {
			isa = XCConfigurationList;
			buildConfigurations = (
				B00510B31BE97B7B001B3F26 /* Debug */,
				B00510B41BE97B7B001B3F26 /* Release */,
			);
			defaultConfigurationIsVisible = 0;
			defaultConfigurationName = Release;
		};
		B00510FB1BE9952D001B3F26 /* Build configuration list for PBXNativeTarget "Spell iOS" */ = {
			isa = XCConfigurationList;
			buildConfigurations = (
				B00510FC1BE9952D001B3F26 /* Debug */,
				B00510FD1BE9952D001B3F26 /* Release */,
			);
			defaultConfigurationIsVisible = 0;
			defaultConfigurationName = Release;
		};
		B00510FE1BE9952D001B3F26 /* Build configuration list for PBXNativeTarget "Spell iOS Tests" */ = {
			isa = XCConfigurationList;
			buildConfigurations = (
				B00510FF1BE9952D001B3F26 /* Debug */,
				B00511001BE9952D001B3F26 /* Release */,
			);
			defaultConfigurationIsVisible = 0;
			defaultConfigurationName = Release;
		};
/* End XCConfigurationList section */
	};
	rootObject = B00510921BE97B7B001B3F26 /* Project object */;
}
